
Microsoft Visual Studio Solution File, Format Version 12.00
# Visual Studio Version 17
VisualStudioVersion = 17.0.32112.339
MinimumVisualStudioVersion = 10.0.40219.1
Project("{FAE04EC0-301F-11D3-BF4B-00C04F79EFBC}") = "Evaluacion1-CalcularSalario", "Evaluacion1-CalcularSalario\Evaluacion1-CalcularSalario.csproj", "{174D9C81-0251-489F-A565-13B9BAC0F902}"
EndProject
Global
	GlobalSection(SolutionConfigurationPlatforms) = preSolution
		Debug|Any CPU = Debug|Any CPU
		Release|Any CPU = Release|Any CPU
	EndGlobalSection
	GlobalSection(ProjectConfigurationPlatforms) = postSolution
		{174D9C81-0251-489F-A565-13B9BAC0F902}.Debug|Any CPU.ActiveCfg = Debug|Any CPU
		{174D9C81-0251-489F-A565-13B9BAC0F902}.Debug|Any CPU.Build.0 = Debug|Any CPU
		{174D9C81-0251-489F-A565-13B9BAC0F902}.Release|Any CPU.ActiveCfg = Release|Any CPU
		{174D9C81-0251-489F-A565-13B9BAC0F902}.Release|Any CPU.Build.0 = Release|Any CPU
	EndGlobalSection
	GlobalSection(SolutionProperties) = preSolution
		HideSolutionNode = FALSE
	EndGlobalSection
	GlobalSection(ExtensibilityGlobals) = postSolution
		SolutionGuid = {AC3CC9ED-CF82-40A2-B363-917C2988767A}
	EndGlobalSection
EndGlobal
